
Microsoft Visual Studio Solution File, Format Version 12.00
# Visual Studio Version 17
VisualStudioVersion = 17.0.31903.59
MinimumVisualStudioVersion = 10.0.40219.1
Project("{FAE04EC0-301F-11D3-BF4B-00C04F79EFBC}") = "INSERT MySql", "INSERT MySql\INSERT MySql.csproj", "{BB38C395-1F03-465A-9AF4-1C90F5B50577}"
EndProject
Global
	GlobalSection(SolutionConfigurationPlatforms) = preSolution
		Debug|Any CPU = Debug|Any CPU
		Release|Any CPU = Release|Any CPU
	EndGlobalSection
	GlobalSection(ProjectConfigurationPlatforms) = postSolution
		{BB38C395-1F03-465A-9AF4-1C90F5B50577}.Debug|Any CPU.ActiveCfg = Debug|Any CPU
		{BB38C395-1F03-465A-9AF4-1C90F5B50577}.Debug|Any CPU.Build.0 = Debug|Any CPU
		{BB38C395-1F03-465A-9AF4-1C90F5B50577}.Release|Any CPU.ActiveCfg = Release|Any CPU
		{BB38C395-1F03-465A-9AF4-1C90F5B50577}.Release|Any CPU.Build.0 = Release|Any CPU
	EndGlobalSection
	GlobalSection(SolutionProperties) = preSolution
		HideSolutionNode = FALSE
	EndGlobalSection
	GlobalSection(ExtensibilityGlobals) = postSolution
		SolutionGuid = {82104A57-8341-47FD-B3D1-85FE494CB9E8}
	EndGlobalSection
EndGlobal
